
Microsoft Visual Studio Solution File, Format Version 12.00
# Visual Studio Version 16
VisualStudioVersion = 16.0.30011.22
MinimumVisualStudioVersion = 10.0.40219.1
Project("{FAE04EC0-301F-11D3-BF4B-00C04F79EFBC}") = "ListFunctions", "ListFunctions\ListFunctions.csproj", "{927BE4D9-F95C-4AE0-9BA2-D3CF1106DCD9}"
EndProject
Project("{FAE04EC0-301F-11D3-BF4B-00C04F79EFBC}") = "ListFunctionsTests", "ListFunctionsTests\ListFunctionsTests.csproj", "{CA851050-54FB-45C9-B293-BCAE7E372110}"
EndProject
Global
	GlobalSection(SolutionConfigurationPlatforms) = preSolution
		Debug|Any CPU = Debug|Any CPU
		Release|Any CPU = Release|Any CPU
	EndGlobalSection
	GlobalSection(ProjectConfigurationPlatforms) = postSolution
		{927BE4D9-F95C-4AE0-9BA2-D3CF1106DCD9}.Debug|Any CPU.ActiveCfg = Debug|Any CPU
		{927BE4D9-F95C-4AE0-9BA2-D3CF1106DCD9}.Debug|Any CPU.Build.0 = Debug|Any CPU
		{927BE4D9-F95C-4AE0-9BA2-D3CF1106DCD9}.Release|Any CPU.ActiveCfg = Release|Any CPU
		{927BE4D9-F95C-4AE0-9BA2-D3CF1106DCD9}.Release|Any CPU.Build.0 = Release|Any CPU
		{CA851050-54FB-45C9-B293-BCAE7E372110}.Debug|Any CPU.ActiveCfg = Debug|Any CPU
		{CA851050-54FB-45C9-B293-BCAE7E372110}.Debug|Any CPU.Build.0 = Debug|Any CPU
		{CA851050-54FB-45C9-B293-BCAE7E372110}.Release|Any CPU.ActiveCfg = Release|Any CPU
		{CA851050-54FB-45C9-B293-BCAE7E372110}.Release|Any CPU.Build.0 = Release|Any CPU
	EndGlobalSection
	GlobalSection(SolutionProperties) = preSolution
		HideSolutionNode = FALSE
	EndGlobalSection
	GlobalSection(ExtensibilityGlobals) = postSolution
		SolutionGuid = {C2E31E7C-D69F-444C-BB1A-4AF7C7C83627}
	EndGlobalSection
EndGlobal
