
Microsoft Visual Studio Solution File, Format Version 12.00
# Visual Studio Version 16
VisualStudioVersion = 16.0.29123.88
MinimumVisualStudioVersion = 10.0.40219.1
Project("{FAE04EC0-301F-11D3-BF4B-00C04F79EFBC}") = "HashTable", "HashTable.csproj", "{EEE92091-0477-4E48-B621-E9EA2323B35F}"
EndProject
Project("{FAE04EC0-301F-11D3-BF4B-00C04F79EFBC}") = "HashTable.Tests", "..\HashTable.Tests\HashTable.Tests.csproj", "{9380B2BA-FC67-43BB-9807-DA2349EFEADA}"
EndProject
Global
	GlobalSection(SolutionConfigurationPlatforms) = preSolution
		Debug|Any CPU = Debug|Any CPU
		Release|Any CPU = Release|Any CPU
	EndGlobalSection
	GlobalSection(ProjectConfigurationPlatforms) = postSolution
		{EEE92091-0477-4E48-B621-E9EA2323B35F}.Debug|Any CPU.ActiveCfg = Debug|Any CPU
		{EEE92091-0477-4E48-B621-E9EA2323B35F}.Debug|Any CPU.Build.0 = Debug|Any CPU
		{EEE92091-0477-4E48-B621-E9EA2323B35F}.Release|Any CPU.ActiveCfg = Release|Any CPU
		{EEE92091-0477-4E48-B621-E9EA2323B35F}.Release|Any CPU.Build.0 = Release|Any CPU
		{9380B2BA-FC67-43BB-9807-DA2349EFEADA}.Debug|Any CPU.ActiveCfg = Debug|Any CPU
		{9380B2BA-FC67-43BB-9807-DA2349EFEADA}.Debug|Any CPU.Build.0 = Debug|Any CPU
		{9380B2BA-FC67-43BB-9807-DA2349EFEADA}.Release|Any CPU.ActiveCfg = Release|Any CPU
		{9380B2BA-FC67-43BB-9807-DA2349EFEADA}.Release|Any CPU.Build.0 = Release|Any CPU
	EndGlobalSection
	GlobalSection(SolutionProperties) = preSolution
		HideSolutionNode = FALSE
	EndGlobalSection
	GlobalSection(ExtensibilityGlobals) = postSolution
		SolutionGuid = {CFF3686F-966D-45AC-B0D8-399A7F4EFF1D}
	EndGlobalSection
EndGlobal
