
Microsoft Visual Studio Solution File, Format Version 12.00
# Visual Studio Version 16
VisualStudioVersion = 16.0.30011.22
MinimumVisualStudioVersion = 10.0.40219.1
Project("{FAE04EC0-301F-11D3-BF4B-00C04F79EFBC}") = "Parser", "Parser\Parser.csproj", "{3B734040-16CF-42D7-AD06-C6A80957FDDB}"
EndProject
Project("{FAE04EC0-301F-11D3-BF4B-00C04F79EFBC}") = "ParserTests", "ParserTests\ParserTests.csproj", "{CA5C2072-2DAB-4289-B782-B019532D9F97}"
EndProject
Global
	GlobalSection(SolutionConfigurationPlatforms) = preSolution
		Debug|Any CPU = Debug|Any CPU
		Release|Any CPU = Release|Any CPU
	EndGlobalSection
	GlobalSection(ProjectConfigurationPlatforms) = postSolution
		{3B734040-16CF-42D7-AD06-C6A80957FDDB}.Debug|Any CPU.ActiveCfg = Debug|Any CPU
		{3B734040-16CF-42D7-AD06-C6A80957FDDB}.Debug|Any CPU.Build.0 = Debug|Any CPU
		{3B734040-16CF-42D7-AD06-C6A80957FDDB}.Release|Any CPU.ActiveCfg = Release|Any CPU
		{3B734040-16CF-42D7-AD06-C6A80957FDDB}.Release|Any CPU.Build.0 = Release|Any CPU
		{CA5C2072-2DAB-4289-B782-B019532D9F97}.Debug|Any CPU.ActiveCfg = Debug|Any CPU
		{CA5C2072-2DAB-4289-B782-B019532D9F97}.Debug|Any CPU.Build.0 = Debug|Any CPU
		{CA5C2072-2DAB-4289-B782-B019532D9F97}.Release|Any CPU.ActiveCfg = Release|Any CPU
		{CA5C2072-2DAB-4289-B782-B019532D9F97}.Release|Any CPU.Build.0 = Release|Any CPU
	EndGlobalSection
	GlobalSection(SolutionProperties) = preSolution
		HideSolutionNode = FALSE
	EndGlobalSection
	GlobalSection(ExtensibilityGlobals) = postSolution
		SolutionGuid = {D659C991-9853-4D26-9BD2-6ADCEFADEE50}
	EndGlobalSection
EndGlobal
