
Microsoft Visual Studio Solution File, Format Version 12.00
# Visual Studio Version 16
VisualStudioVersion = 16.0.29123.88
MinimumVisualStudioVersion = 10.0.40219.1
Project("{FAE04EC0-301F-11D3-BF4B-00C04F79EFBC}") = "1.5", "1.5.csproj", "{F9369AC2-0881-4CE4-ABBF-20B13AADE810}"
EndProject
Global
	GlobalSection(SolutionConfigurationPlatforms) = preSolution
		Debug|Any CPU = Debug|Any CPU
		Release|Any CPU = Release|Any CPU
	EndGlobalSection
	GlobalSection(ProjectConfigurationPlatforms) = postSolution
		{F9369AC2-0881-4CE4-ABBF-20B13AADE810}.Debug|Any CPU.ActiveCfg = Debug|Any CPU
		{F9369AC2-0881-4CE4-ABBF-20B13AADE810}.Debug|Any CPU.Build.0 = Debug|Any CPU
		{F9369AC2-0881-4CE4-ABBF-20B13AADE810}.Release|Any CPU.ActiveCfg = Release|Any CPU
		{F9369AC2-0881-4CE4-ABBF-20B13AADE810}.Release|Any CPU.Build.0 = Release|Any CPU
	EndGlobalSection
	GlobalSection(SolutionProperties) = preSolution
		HideSolutionNode = FALSE
	EndGlobalSection
	GlobalSection(ExtensibilityGlobals) = postSolution
		SolutionGuid = {08828C8A-F513-4717-A22B-D0124CD68C7B}
	EndGlobalSection
EndGlobal
