
Microsoft Visual Studio Solution File, Format Version 12.00
# Visual Studio Version 16
VisualStudioVersion = 16.0.30011.22
MinimumVisualStudioVersion = 10.0.40219.1
Project("{9A19103F-16F7-4668-BE54-9A1E7A4F7556}") = "ConsoleGame", "ConsoleGame\ConsoleGame.csproj", "{0871A316-D468-4444-8987-7B3E8ECCBC1A}"
EndProject
Project("{9A19103F-16F7-4668-BE54-9A1E7A4F7556}") = "ConsoleGameTests", "ConsoleGameTests\ConsoleGameTests.csproj", "{EE22B57A-E686-4597-A2A2-E8313C2832A3}"
EndProject
Global
	GlobalSection(SolutionConfigurationPlatforms) = preSolution
		Debug|Any CPU = Debug|Any CPU
		Release|Any CPU = Release|Any CPU
	EndGlobalSection
	GlobalSection(ProjectConfigurationPlatforms) = postSolution
		{0871A316-D468-4444-8987-7B3E8ECCBC1A}.Debug|Any CPU.ActiveCfg = Debug|Any CPU
		{0871A316-D468-4444-8987-7B3E8ECCBC1A}.Debug|Any CPU.Build.0 = Debug|Any CPU
		{0871A316-D468-4444-8987-7B3E8ECCBC1A}.Release|Any CPU.ActiveCfg = Release|Any CPU
		{0871A316-D468-4444-8987-7B3E8ECCBC1A}.Release|Any CPU.Build.0 = Release|Any CPU
		{EE22B57A-E686-4597-A2A2-E8313C2832A3}.Debug|Any CPU.ActiveCfg = Debug|Any CPU
		{EE22B57A-E686-4597-A2A2-E8313C2832A3}.Debug|Any CPU.Build.0 = Debug|Any CPU
		{EE22B57A-E686-4597-A2A2-E8313C2832A3}.Release|Any CPU.ActiveCfg = Release|Any CPU
		{EE22B57A-E686-4597-A2A2-E8313C2832A3}.Release|Any CPU.Build.0 = Release|Any CPU
	EndGlobalSection
	GlobalSection(SolutionProperties) = preSolution
		HideSolutionNode = FALSE
	EndGlobalSection
	GlobalSection(ExtensibilityGlobals) = postSolution
		SolutionGuid = {EDA4A3D0-EA99-42AD-AB43-42CB643E20BF}
	EndGlobalSection
EndGlobal
