
Microsoft Visual Studio Solution File, Format Version 12.00
# Visual Studio Version 16
VisualStudioVersion = 16.0.30011.22
MinimumVisualStudioVersion = 10.0.40219.1
Project("{FAE04EC0-301F-11D3-BF4B-00C04F79EFBC}") = "ListFunctions", "ListFunctions.csproj", "{565CA2FD-5A42-41D3-B21C-480C1DCF52D5}"
EndProject
Project("{FAE04EC0-301F-11D3-BF4B-00C04F79EFBC}") = "ListFunctionsTests", "..\ListFunctionsTests\ListFunctionsTests.csproj", "{41CC5B63-70B1-4E32-A781-7A6F6FE7C7E2}"
EndProject
Global
	GlobalSection(SolutionConfigurationPlatforms) = preSolution
		Debug|Any CPU = Debug|Any CPU
		Release|Any CPU = Release|Any CPU
	EndGlobalSection
	GlobalSection(ProjectConfigurationPlatforms) = postSolution
		{565CA2FD-5A42-41D3-B21C-480C1DCF52D5}.Debug|Any CPU.ActiveCfg = Debug|Any CPU
		{565CA2FD-5A42-41D3-B21C-480C1DCF52D5}.Debug|Any CPU.Build.0 = Debug|Any CPU
		{565CA2FD-5A42-41D3-B21C-480C1DCF52D5}.Release|Any CPU.ActiveCfg = Release|Any CPU
		{565CA2FD-5A42-41D3-B21C-480C1DCF52D5}.Release|Any CPU.Build.0 = Release|Any CPU
		{41CC5B63-70B1-4E32-A781-7A6F6FE7C7E2}.Debug|Any CPU.ActiveCfg = Debug|Any CPU
		{41CC5B63-70B1-4E32-A781-7A6F6FE7C7E2}.Debug|Any CPU.Build.0 = Debug|Any CPU
		{41CC5B63-70B1-4E32-A781-7A6F6FE7C7E2}.Release|Any CPU.ActiveCfg = Release|Any CPU
		{41CC5B63-70B1-4E32-A781-7A6F6FE7C7E2}.Release|Any CPU.Build.0 = Release|Any CPU
	EndGlobalSection
	GlobalSection(SolutionProperties) = preSolution
		HideSolutionNode = FALSE
	EndGlobalSection
	GlobalSection(ExtensibilityGlobals) = postSolution
		SolutionGuid = {39821577-FE49-43AB-B962-A89D21285E74}
	EndGlobalSection
EndGlobal
