
Microsoft Visual Studio Solution File, Format Version 12.00
# Visual Studio Version 16
VisualStudioVersion = 16.0.30011.22
MinimumVisualStudioVersion = 10.0.40219.1
Project("{FAE04EC0-301F-11D3-BF4B-00C04F79EFBC}") = "Clock", "Clock\Clock.csproj", "{8366C69A-7274-4DF4-9E16-05EE645B4BDB}"
EndProject
Global
	GlobalSection(SolutionConfigurationPlatforms) = preSolution
		Debug|Any CPU = Debug|Any CPU
		Release|Any CPU = Release|Any CPU
	EndGlobalSection
	GlobalSection(ProjectConfigurationPlatforms) = postSolution
		{8366C69A-7274-4DF4-9E16-05EE645B4BDB}.Debug|Any CPU.ActiveCfg = Debug|Any CPU
		{8366C69A-7274-4DF4-9E16-05EE645B4BDB}.Debug|Any CPU.Build.0 = Debug|Any CPU
		{8366C69A-7274-4DF4-9E16-05EE645B4BDB}.Release|Any CPU.ActiveCfg = Release|Any CPU
		{8366C69A-7274-4DF4-9E16-05EE645B4BDB}.Release|Any CPU.Build.0 = Release|Any CPU
	EndGlobalSection
	GlobalSection(SolutionProperties) = preSolution
		HideSolutionNode = FALSE
	EndGlobalSection
	GlobalSection(ExtensibilityGlobals) = postSolution
		SolutionGuid = {C20CC90D-1BD1-42E2-809E-93773955EB55}
	EndGlobalSection
EndGlobal
