
Microsoft Visual Studio Solution File, Format Version 12.00
# Visual Studio Version 16
VisualStudioVersion = 16.0.30011.22
MinimumVisualStudioVersion = 10.0.40219.1
Project("{FAE04EC0-301F-11D3-BF4B-00C04F79EFBC}") = "MySet", "MySet\MySet.csproj", "{BA359028-A470-44F4-8685-F60490844D61}"
EndProject
Global
	GlobalSection(SolutionConfigurationPlatforms) = preSolution
		Debug|Any CPU = Debug|Any CPU
		Release|Any CPU = Release|Any CPU
	EndGlobalSection
	GlobalSection(ProjectConfigurationPlatforms) = postSolution
		{BA359028-A470-44F4-8685-F60490844D61}.Debug|Any CPU.ActiveCfg = Debug|Any CPU
		{BA359028-A470-44F4-8685-F60490844D61}.Debug|Any CPU.Build.0 = Debug|Any CPU
		{BA359028-A470-44F4-8685-F60490844D61}.Release|Any CPU.ActiveCfg = Release|Any CPU
		{BA359028-A470-44F4-8685-F60490844D61}.Release|Any CPU.Build.0 = Release|Any CPU
	EndGlobalSection
	GlobalSection(SolutionProperties) = preSolution
		HideSolutionNode = FALSE
	EndGlobalSection
	GlobalSection(ExtensibilityGlobals) = postSolution
		SolutionGuid = {48D355BC-B17A-44E8-B99F-67387B9787DE}
	EndGlobalSection
EndGlobal
